
Microsoft Visual Studio Solution File, Format Version 12.00
# Visual Studio Version 16
VisualStudioVersion = 16.0.29424.173
MinimumVisualStudioVersion = 10.0.40219.1
Project("{9A19103F-16F7-4668-BE54-9A1E7A4F7556}") = "VariableLengthQuantity", "VariableLengthQuantity.csproj", "{504BE687-74F8-49E7-9BEB-85136C5B9A23}"
EndProject
Global
	GlobalSection(SolutionConfigurationPlatforms) = preSolution
		Debug|Any CPU = Debug|Any CPU
		Release|Any CPU = Release|Any CPU
	EndGlobalSection
	GlobalSection(ProjectConfigurationPlatforms) = postSolution
		{504BE687-74F8-49E7-9BEB-85136C5B9A23}.Debug|Any CPU.ActiveCfg = Debug|Any CPU
		{504BE687-74F8-49E7-9BEB-85136C5B9A23}.Debug|Any CPU.Build.0 = Debug|Any CPU
		{504BE687-74F8-49E7-9BEB-85136C5B9A23}.Release|Any CPU.ActiveCfg = Release|Any CPU
		{504BE687-74F8-49E7-9BEB-85136C5B9A23}.Release|Any CPU.Build.0 = Release|Any CPU
	EndGlobalSection
	GlobalSection(SolutionProperties) = preSolution
		HideSolutionNode = FALSE
	EndGlobalSection
	GlobalSection(ExtensibilityGlobals) = postSolution
		SolutionGuid = {027A1F79-A984-47F3-AA01-E0738824A7D6}
	EndGlobalSection
EndGlobal
